{
  "name": "superlocalmemory",
  "version": "2.3.0",
  "lockfileVersion": 3,
  "requires": true,
  "packages": {
    "": {
      "name": "superlocalmemory",
      "version": "2.3.0",
      "hasInstallScript": true,
      "license": "MIT",
      "os": [
        "darwin",
        "linux",
        "win32"
      ],
      "bin": {
        "slm": "bin/slm-npm",
        "superlocalmemory": "bin/slm-npm"
      },
      "engines": {
        "node": ">=14.0.0",
        "npm": ">=6.0.0"
      },
      "funding": {
        "type": "github",
        "url": "https://github.com/sponsors/varun369"
      }
    }
  }
}
